<?xml version="1.0" encoding="utf-8"?>
<Project ToolsVersion="4.0" xmlns="http://schemas.microsoft.com/developer/msbuild/2003">
  <ItemGroup>
    <ClCompile Include="debug\assert.cpp" />
    <ClCompile Include="debug\log.cpp" />
    <ClCompile Include="debug\debugging.h" />
    <ClCompile Include="util\thread_pool.cpp" />
    <ClCompile Include="core\layer_stack.cpp" />
  </ItemGroup>
  <ItemGroup>
    <ClInclude Include="debug\assert.h" />
    <ClInclude Include="debug\log.h" />
    <ClInclude Include="util\macro.h" />
    <ClInclude Include="util\string_helper.h" />
    <ClInclude Include="WX2Common.h" />
    <ClInclude Include="debug\leak_detector.h" />
    <ClInclude Include="util\hash.h" />
    <ClInclude Include="debug\com_exception.h" />
    <ClInclude Include="core\window_property.h" />
    <ClInclude Include="debug\runtime_errer.h" />
    <ClInclude Include="util\timer.h" />
    <ClInclude Include="util\safe_release.h" />
    <ClInclude Include="util\file_dialog.h" />
    <ClInclude Include="util\thread_pool.h" />
    <ClInclude Include="util\event_dispatcher.h" />
    <ClInclude Include="core\layer.h" />
    <ClInclude Include="core\layer_stack.h" />
    <ClInclude Include="util\flyweight.h" />
  </ItemGroup>
</Project>