
Microsoft Visual Studio Solution File, Format Version 12.00
# Visual Studio Version 17
VisualStudioVersion = 17.0.31903.59
MinimumVisualStudioVersion = 10.0.40219.1
Project("{8BC9CEB8-8B4A-11D0-8D11-00A0C91BC942}") = "Game", "Game\Game.vcxproj", "{C376DDD0-7798-429F-83D7-D91453BF2473}"
	ProjectSection(ProjectDependencies) = postProject
		{DF121E6F-5A96-49CA-AC93-40DB331A2CA2} = {DF121E6F-5A96-49CA-AC93-40DB331A2CA2}
	EndProjectSection
EndProject
Project("{8BC9CEB8-8B4A-11D0-8D11-00A0C91BC942}") = "WX2Engine", "WX2Engine\WX2Engine.vcxproj", "{DF121E6F-5A96-49CA-AC93-40DB331A2CA2}"
	ProjectSection(ProjectDependencies) = postProject
		{65182225-DF4D-4F88-A70D-2C8E3FC0837D} = {65182225-DF4D-4F88-A70D-2C8E3FC0837D}
		{15E3903F-D8AD-4B65-88A8-C27A79974449} = {15E3903F-D8AD-4B65-88A8-C27A79974449}
		{C450585A-74BD-4979-8178-C40BCC0FEEF3} = {C450585A-74BD-4979-8178-C40BCC0FEEF3}
		{29CBABDE-B7D2-4864-9967-EFB8ACF66936} = {29CBABDE-B7D2-4864-9967-EFB8ACF66936}
	EndProjectSection
EndProject
Project("{8BC9CEB8-8B4A-11D0-8D11-00A0C91BC942}") = "WX2Common", "WX2Common\WX2Common.vcxproj", "{15E3903F-D8AD-4B65-88A8-C27A79974449}"
EndProject
Project("{8BC9CEB8-8B4A-11D0-8D11-00A0C91BC942}") = "WX2Input", "WX2Input\WX2Input.vcxproj", "{65182225-DF4D-4F88-A70D-2C8E3FC0837D}"
	ProjectSection(ProjectDependencies) = postProject
		{15E3903F-D8AD-4B65-88A8-C27A79974449} = {15E3903F-D8AD-4B65-88A8-C27A79974449}
	EndProjectSection
EndProject
Project("{8BC9CEB8-8B4A-11D0-8D11-00A0C91BC942}") = "WX2Graphics", "WX2Graphics\WX2Graphics.vcxproj", "{C450585A-74BD-4979-8178-C40BCC0FEEF3}"
	ProjectSection(ProjectDependencies) = postProject
		{15E3903F-D8AD-4B65-88A8-C27A79974449} = {15E3903F-D8AD-4B65-88A8-C27A79974449}
	EndProjectSection
EndProject
Project("{8BC9CEB8-8B4A-11D0-8D11-00A0C91BC942}") = "WX2Physics", "WX2Physics\WX2Physics.vcxproj", "{29CBABDE-B7D2-4864-9967-EFB8ACF66936}"
	ProjectSection(ProjectDependencies) = postProject
		{15E3903F-D8AD-4B65-88A8-C27A79974449} = {15E3903F-D8AD-4B65-88A8-C27A79974449}
	EndProjectSection
EndProject
Global
	GlobalSection(SolutionConfigurationPlatforms) = preSolution
		Debug|x64 = Debug|x64
		Debug|x86 = Debug|x86
		Release|x64 = Release|x64
		Release|x86 = Release|x86
	EndGlobalSection
	GlobalSection(ProjectConfigurationPlatforms) = postSolution
		{C376DDD0-7798-429F-83D7-D91453BF2473}.Debug|x64.ActiveCfg = Debug|x64
		{C376DDD0-7798-429F-83D7-D91453BF2473}.Debug|x64.Build.0 = Debug|x64
		{C376DDD0-7798-429F-83D7-D91453BF2473}.Debug|x86.ActiveCfg = Debug|x64
		{C376DDD0-7798-429F-83D7-D91453BF2473}.Release|x64.ActiveCfg = Release|x64
		{C376DDD0-7798-429F-83D7-D91453BF2473}.Release|x64.Build.0 = Release|x64
		{C376DDD0-7798-429F-83D7-D91453BF2473}.Release|x86.ActiveCfg = Release|x64
		{DF121E6F-5A96-49CA-AC93-40DB331A2CA2}.Debug|x64.ActiveCfg = Debug|x64
		{DF121E6F-5A96-49CA-AC93-40DB331A2CA2}.Debug|x64.Build.0 = Debug|x64
		{DF121E6F-5A96-49CA-AC93-40DB331A2CA2}.Debug|x86.ActiveCfg = Debug|x64
		{DF121E6F-5A96-49CA-AC93-40DB331A2CA2}.Release|x64.ActiveCfg = Release|x64
		{DF121E6F-5A96-49CA-AC93-40DB331A2CA2}.Release|x64.Build.0 = Release|x64
		{DF121E6F-5A96-49CA-AC93-40DB331A2CA2}.Release|x86.ActiveCfg = Release|x64
		{15E3903F-D8AD-4B65-88A8-C27A79974449}.Debug|x64.ActiveCfg = Debug|x64
		{15E3903F-D8AD-4B65-88A8-C27A79974449}.Debug|x64.Build.0 = Debug|x64
		{15E3903F-D8AD-4B65-88A8-C27A79974449}.Debug|x86.ActiveCfg = Debug|x64
		{15E3903F-D8AD-4B65-88A8-C27A79974449}.Release|x64.ActiveCfg = Release|x64
		{15E3903F-D8AD-4B65-88A8-C27A79974449}.Release|x64.Build.0 = Release|x64
		{15E3903F-D8AD-4B65-88A8-C27A79974449}.Release|x86.ActiveCfg = Release|x64
		{65182225-DF4D-4F88-A70D-2C8E3FC0837D}.Debug|x64.ActiveCfg = Debug|x64
		{65182225-DF4D-4F88-A70D-2C8E3FC0837D}.Debug|x64.Build.0 = Debug|x64
		{65182225-DF4D-4F88-A70D-2C8E3FC0837D}.Debug|x86.ActiveCfg = Debug|x64
		{65182225-DF4D-4F88-A70D-2C8E3FC0837D}.Release|x64.ActiveCfg = Release|x64
		{65182225-DF4D-4F88-A70D-2C8E3FC0837D}.Release|x64.Build.0 = Release|x64
		{65182225-DF4D-4F88-A70D-2C8E3FC0837D}.Release|x86.ActiveCfg = Release|x64
		{C450585A-74BD-4979-8178-C40BCC0FEEF3}.Debug|x64.ActiveCfg = Debug|x64
		{C450585A-74BD-4979-8178-C40BCC0FEEF3}.Debug|x64.Build.0 = Debug|x64
		{C450585A-74BD-4979-8178-C40BCC0FEEF3}.Debug|x86.ActiveCfg = Debug|x64
		{C450585A-74BD-4979-8178-C40BCC0FEEF3}.Debug|x86.Build.0 = Debug|x64
		{C450585A-74BD-4979-8178-C40BCC0FEEF3}.Release|x64.ActiveCfg = Release|x64
		{C450585A-74BD-4979-8178-C40BCC0FEEF3}.Release|x64.Build.0 = Release|x64
		{C450585A-74BD-4979-8178-C40BCC0FEEF3}.Release|x86.ActiveCfg = Release|x64
		{C450585A-74BD-4979-8178-C40BCC0FEEF3}.Release|x86.Build.0 = Release|x64
		{29CBABDE-B7D2-4864-9967-EFB8ACF66936}.Debug|x64.ActiveCfg = Debug|x64
		{29CBABDE-B7D2-4864-9967-EFB8ACF66936}.Debug|x64.Build.0 = Debug|x64
		{29CBABDE-B7D2-4864-9967-EFB8ACF66936}.Debug|x86.ActiveCfg = Debug|x64
		{29CBABDE-B7D2-4864-9967-EFB8ACF66936}.Debug|x86.Build.0 = Debug|x64
		{29CBABDE-B7D2-4864-9967-EFB8ACF66936}.Release|x64.ActiveCfg = Release|x64
		{29CBABDE-B7D2-4864-9967-EFB8ACF66936}.Release|x64.Build.0 = Release|x64
		{29CBABDE-B7D2-4864-9967-EFB8ACF66936}.Release|x86.ActiveCfg = Release|x64
		{29CBABDE-B7D2-4864-9967-EFB8ACF66936}.Release|x86.Build.0 = Release|x64
	EndGlobalSection
	GlobalSection(SolutionProperties) = preSolution
		HideSolutionNode = FALSE
	EndGlobalSection
	GlobalSection(ExtensibilityGlobals) = postSolution
		SolutionGuid = {D97E86A7-4AB6-457C-99C0-37FEF7C905E9}
	EndGlobalSection
EndGlobal
